
Microsoft Visual Studio Solution File, Format Version 12.00
# Visual Studio Version 17
VisualStudioVersion = 17.5.33414.496
MinimumVisualStudioVersion = 10.0.40219.1
Project("{FAE04EC0-301F-11D3-BF4B-00C04F79EFBC}") = "ShadowShareAPI", "ShadowShareAPI\ShadowShareAPI.csproj", "{63845461-4E93-40E5-B6CB-400996E84412}"
EndProject
Global
	GlobalSection(SolutionConfigurationPlatforms) = preSolution
		Debug|Any CPU = Debug|Any CPU
		Release|Any CPU = Release|Any CPU
	EndGlobalSection
	GlobalSection(ProjectConfigurationPlatforms) = postSolution
		{63845461-4E93-40E5-B6CB-400996E84412}.Debug|Any CPU.ActiveCfg = Debug|Any CPU
		{63845461-4E93-40E5-B6CB-400996E84412}.Debug|Any CPU.Build.0 = Debug|Any CPU
		{63845461-4E93-40E5-B6CB-400996E84412}.Release|Any CPU.ActiveCfg = Release|Any CPU
		{63845461-4E93-40E5-B6CB-400996E84412}.Release|Any CPU.Build.0 = Release|Any CPU
	EndGlobalSection
	GlobalSection(SolutionProperties) = preSolution
		HideSolutionNode = FALSE
	EndGlobalSection
	GlobalSection(ExtensibilityGlobals) = postSolution
		SolutionGuid = {F6F9FE04-A67E-40A1-9F5B-B09165F4B11A}
	EndGlobalSection
EndGlobal
